// !$*UTF8*$!
{
	archiveVersion = 1;
	classes = {
	};
	objectVersion = 90;
	objects = {

/* Begin PBXBuildFile section */
		042C3EC73007DD190078B903 /* FirebaseAnalytics in Frameworks */ = {isa = PBXBuildFile; productRef = 042C3EC63007DD190078B903 /* FirebaseAnalytics */; };
		042C3EC93007DD190078B903 /* FirebaseAnalyticsCore in Frameworks */ = {isa = PBXBuildFile; productRef = 042C3EC83007DD190078B903 /* FirebaseAnalyticsCore */; };
		042C3ECB3007DD190078B903 /* FirebaseCore in Frameworks */ = {isa = PBXBuildFile; productRef = 042C3ECA3007DD190078B903 /* FirebaseCore */; };
		042C3ECD3007DD190078B903 /* FirebaseCrashlytics in Frameworks */ = {isa = PBXBuildFile; productRef = 042C3ECC3007DD190078B903 /* FirebaseCrashlytics */; };
		042C3ECF3007DD190078B903 /* FirebaseRemoteConfig in Frameworks */ = {isa = PBXBuildFile; productRef = 042C3ECE3007DD190078B903 /* FirebaseRemoteConfig */; };
		04ADA7702FCACE0006B5B51 /* Adapty in Frameworks */ = {isa = PBXBuildFile; productRef = 04ADA7712FCACE0006B5B51 /* Adapty */; };
		04ADA7732FCACE0006B5B51 /* AdaptyUI in Frameworks */ = {isa = PBXBuildFile; productRef = 04ADA7742FCACE0006B5B51 /* AdaptyUI */; };
		1F2E3D4C5B6A798001234568 /* Lottie in Frameworks */ = {isa = PBXBuildFile; productRef = 1F2E3D4C5B6A79800123456A /* Lottie */; };
		2FBCC0012FE7B40000123601 /* FacebookCore in Frameworks */ = {isa = PBXBuildFile; productRef = 2FBCC0032FE7B40000123601 /* FacebookCore */; };
/* End PBXBuildFile section */

/* Begin PBXFileReference section */
		04428BE82FCACDD7006B5B51 /* AIHome.app */ = {isa = PBXFileReference; explicitFileType = wrapper.application; includeInIndex = 0; path = AIHome.app; sourceTree = BUILT_PRODUCTS_DIR; };
/* End PBXFileReference section */

/* Begin PBXFileSystemSynchronizedBuildFileExceptionSet section */
		042C3ED03007DD190078B903 /* Exceptions for "AIHome" folder in "AIHome" target */ = {
			isa = PBXFileSystemSynchronizedBuildFileExceptionSet;
			membershipExceptions = (
				Info.plist,
			);
			target = 04428BE72FCACDD7006B5B51 /* AIHome */;
		};
/* End PBXFileSystemSynchronizedBuildFileExceptionSet section */

/* Begin PBXFileSystemSynchronizedRootGroup section */
		04428BEA2FCACDD7006B5B51 /* AIHome */ = {
			isa = PBXFileSystemSynchronizedRootGroup;
			exceptions = (
				042C3ED03007DD190078B903 /* Exceptions for "AIHome" folder in "AIHome" target */,
			);
			path = AIHome;
			sourceTree = "<group>";
		};
/* End PBXFileSystemSynchronizedRootGroup section */

/* Begin PBXFrameworksBuildPhase section */
		04428BE52FCACDD7006B5B51 /* Frameworks */ = {
			isa = PBXFrameworksBuildPhase;
			files = (
				042C3ECF3007DD190078B903 /* FirebaseRemoteConfig in Frameworks */,
				04ADA7702FCACE0006B5B51 /* Adapty in Frameworks */,
				042C3EC93007DD190078B903 /* FirebaseAnalyticsCore in Frameworks */,
				04ADA7732FCACE0006B5B51 /* AdaptyUI in Frameworks */,
				1F2E3D4C5B6A798001234568 /* Lottie in Frameworks */,
				042C3ECB3007DD190078B903 /* FirebaseCore in Frameworks */,
				042C3ECD3007DD190078B903 /* FirebaseCrashlytics in Frameworks */,
				042C3EC73007DD190078B903 /* FirebaseAnalytics in Frameworks */,
				2FBCC0012FE7B40000123601 /* FacebookCore in Frameworks */,
			);
		};
/* End PBXFrameworksBuildPhase section */

/* Begin PBXGroup section */
		04428BDF2FCACDD7006B5B51 = {
			isa = PBXGroup;
			children = (
				04428BEA2FCACDD7006B5B51 /* AIHome */,
				04428BE92FCACDD7006B5B51 /* Products */,
			);
			sourceTree = "<group>";
		};
		04428BE92FCACDD7006B5B51 /* Products */ = {
			isa = PBXGroup;
			children = (
				04428BE82FCACDD7006B5B51 /* AIHome.app */,
			);
			name = Products;
			sourceTree = "<group>";
		};
/* End PBXGroup section */

/* Begin PBXNativeTarget section */
		04428BE72FCACDD7006B5B51 /* AIHome */ = {
			isa = PBXNativeTarget;
			buildConfigurationList = 04428BF52FCACDD9006B5B51 /* Build configuration list for PBXNativeTarget "AIHome" */;
			buildPhases = (
				04428BE42FCACDD7006B5B51 /* Sources */,
				04428BE52FCACDD7006B5B51 /* Frameworks */,
				04428BE62FCACDD7006B5B51 /* Resources */,
				0F7A11092FD0000000A1B2C3 /* Firebase Crashlytics */,
			);
			buildRules = (
			);
			fileSystemSynchronizedGroups = (
				04428BEA2FCACDD7006B5B51 /* AIHome */,
			);
			name = AIHome;
			packageProductDependencies = (
				04ADA7712FCACE0006B5B51 /* Adapty */,
				04ADA7742FCACE0006B5B51 /* AdaptyUI */,
				1F2E3D4C5B6A79800123456A /* Lottie */,
				2FBCC0032FE7B40000123601 /* FacebookCore */,
				042C3EC63007DD190078B903 /* FirebaseAnalytics */,
				042C3EC83007DD190078B903 /* FirebaseAnalyticsCore */,
				042C3ECA3007DD190078B903 /* FirebaseCore */,
				042C3ECC3007DD190078B903 /* FirebaseCrashlytics */,
				042C3ECE3007DD190078B903 /* FirebaseRemoteConfig */,
			);
			productName = AIHome;
			productReference = 04428BE82FCACDD7006B5B51 /* AIHome.app */;
			productType = "com.apple.product-type.application";
		};
/* End PBXNativeTarget section */

/* Begin PBXProject section */
		04428BE02FCACDD7006B5B51 /* Project object */ = {
			isa = PBXProject;
			attributes = {
				BuildIndependentTargetsInParallel = 1;
				LastSwiftUpdateCheck = 2620;
				LastUpgradeCheck = 2620;
				TargetAttributes = {
					04428BE72FCACDD7006B5B51 = {
						CreatedOnToolsVersion = 26.2;
					};
				};
			};
			buildConfigurationList = 04428BE32FCACDD7006B5B51 /* Build configuration list for PBXProject "AIHome" */;
			developmentRegion = en;
			hasScannedForEncodings = 0;
			knownRegions = (
				en,
				"en-US",
				Base,
				fr,
				"fr-FR",
				de,
				"de-DE",
				es,
				"es-ES",
				"ar-SA",
				hi,
				id,
				it,
				ja,
				ko,
				ms,
				"pt-BR",
				ru,
				th,
				tr,
			);
			mainGroup = 04428BDF2FCACDD7006B5B51;
			minimizedProjectReferenceProxies = 1;
			packageReferences = (
				04ADA7722FCACE0006B5B51 /* XCRemoteSwiftPackageReference "AdaptySDK-iOS" */,
				1F2E3D4C5B6A798001234569 /* XCRemoteSwiftPackageReference "lottie-ios" */,
				2FBCC0022FE7B40000123601 /* XCRemoteSwiftPackageReference "facebook-ios-sdk" */,
				042C3EC53007DD190078B903 /* XCRemoteSwiftPackageReference "firebase-ios-sdk" */,
			);
			preferredProjectObjectVersion = 90;
			productRefGroup = 04428BE92FCACDD7006B5B51 /* Products */;
			projectDirPath = "";
			projectRoot = "";
			targets = (
				04428BE72FCACDD7006B5B51 /* AIHome */,
			);
		};
/* End PBXProject section */

/* Begin PBXResourcesBuildPhase section */
		04428BE62FCACDD7006B5B51 /* Resources */ = {
			isa = PBXResourcesBuildPhase;
			files = (
			);
		};
/* End PBXResourcesBuildPhase section */

/* Begin PBXShellScriptBuildPhase section */
		0F7A11092FD0000000A1B2C3 /* Firebase Crashlytics */ = {
			isa = PBXShellScriptBuildPhase;
			inputPaths = (
				"$(DWARF_DSYM_FOLDER_PATH)/$(DWARF_DSYM_FILE_NAME)",
				"$(DWARF_DSYM_FOLDER_PATH)/$(DWARF_DSYM_FILE_NAME)/Contents/Resources/DWARF/$(TARGET_NAME)",
				"$(TARGET_BUILD_DIR)/$(UNLOCALIZED_RESOURCES_FOLDER_PATH)/GoogleService-Info.plist",
				"$(TARGET_BUILD_DIR)/$(EXECUTABLE_PATH)",
			);
			name = "Firebase Crashlytics";
			shellPath = /bin/sh;
			shellScript = (
				"\"${BUILD_DIR%/Build/*}/SourcePackages/checkouts/firebase-ios-sdk/Crashlytics/run\"",
				"",
			);
		};
/* End PBXShellScriptBuildPhase section */

/* Begin PBXSourcesBuildPhase section */
		04428BE42FCACDD7006B5B51 /* Sources */ = {
			isa = PBXSourcesBuildPhase;
			files = (
			);
		};
/* End PBXSourcesBuildPhase section */

/* Begin XCBuildConfiguration section */
		04428BF32FCACDD9006B5B51 /* Debug configuration for PBXProject "AIHome" */ = {
			isa = XCBuildConfiguration;
			buildSettings = {
				ALWAYS_SEARCH_USER_PATHS = NO;
				ASSETCATALOG_COMPILER_GENERATE_SWIFT_ASSET_SYMBOL_EXTENSIONS = YES;
				CLANG_ANALYZER_NONNULL = YES;
				CLANG_ANALYZER_NUMBER_OBJECT_CONVERSION = YES_AGGRESSIVE;
				CLANG_CXX_LANGUAGE_STANDARD = "gnu++20";
				CLANG_ENABLE_MODULES = YES;
				CLANG_ENABLE_OBJC_ARC = YES;
				CLANG_ENABLE_OBJC_WEAK = YES;
				CLANG_WARN_BLOCK_CAPTURE_AUTORELEASING = YES;
				CLANG_WARN_BOOL_CONVERSION = YES;
				CLANG_WARN_COMMA = YES;
				CLANG_WARN_CONSTANT_CONVERSION = YES;
				CLANG_WARN_DEPRECATED_OBJC_IMPLEMENTATIONS = YES;
				CLANG_WARN_DIRECT_OBJC_ISA_USAGE = YES_ERROR;
				CLANG_WARN_DOCUMENTATION_COMMENTS = YES;
				CLANG_WARN_EMPTY_BODY = YES;
				CLANG_WARN_ENUM_CONVERSION = YES;
				CLANG_WARN_INFINITE_RECURSION = YES;
				CLANG_WARN_INT_CONVERSION = YES;
				CLANG_WARN_NON_LITERAL_NULL_CONVERSION = YES;
				CLANG_WARN_OBJC_IMPLICIT_RETAIN_SELF = YES;
				CLANG_WARN_OBJC_LITERAL_CONVERSION = YES;
				CLANG_WARN_OBJC_ROOT_CLASS = YES_ERROR;
				CLANG_WARN_QUOTED_INCLUDE_IN_FRAMEWORK_HEADER = YES;
				CLANG_WARN_RANGE_LOOP_ANALYSIS = YES;
				CLANG_WARN_STRICT_PROTOTYPES = YES;
				CLANG_WARN_SUSPICIOUS_MOVE = YES;
				CLANG_WARN_UNGUARDED_AVAILABILITY = YES_AGGRESSIVE;
				CLANG_WARN_UNREACHABLE_CODE = YES;
				CLANG_WARN__DUPLICATE_METHOD_MATCH = YES;
				COPY_PHASE_STRIP = NO;
				DEBUG_INFORMATION_FORMAT = dwarf;
				DEVELOPMENT_TEAM = F59XSVKP6X;
				ENABLE_STRICT_OBJC_MSGSEND = YES;
				ENABLE_TESTABILITY = YES;
				ENABLE_USER_SCRIPT_SANDBOXING = YES;
				GCC_C_LANGUAGE_STANDARD = gnu17;
				GCC_DYNAMIC_NO_PIC = NO;
				GCC_NO_COMMON_BLOCKS = YES;
				GCC_OPTIMIZATION_LEVEL = 0;
				GCC_PREPROCESSOR_DEFINITIONS = (
					"DEBUG=1",
					"$(inherited)",
				);
				GCC_WARN_64_TO_32_BIT_CONVERSION = YES;
				GCC_WARN_ABOUT_RETURN_TYPE = YES_ERROR;
				GCC_WARN_UNDECLARED_SELECTOR = YES;
				GCC_WARN_UNINITIALIZED_AUTOS = YES_AGGRESSIVE;
				GCC_WARN_UNUSED_FUNCTION = YES;
				GCC_WARN_UNUSED_VARIABLE = YES;
				IPHONEOS_DEPLOYMENT_TARGET = 26.2;
				LOCALIZATION_PREFERS_STRING_CATALOGS = YES;
				MTL_ENABLE_DEBUG_INFO = INCLUDE_SOURCE;
				MTL_FAST_MATH = YES;
				ONLY_ACTIVE_ARCH = YES;
				SDKROOT = iphoneos;
				SWIFT_ACTIVE_COMPILATION_CONDITIONS = "DEBUG $(inherited)";
				SWIFT_OPTIMIZATION_LEVEL = "-Onone";
			};
			name = Debug;
		};
		04428BF42FCACDD9006B5B51 /* Release configuration for PBXProject "AIHome" */ = {
			isa = XCBuildConfiguration;
			buildSettings = {
				ALWAYS_SEARCH_USER_PATHS = NO;
				ASSETCATALOG_COMPILER_GENERATE_SWIFT_ASSET_SYMBOL_EXTENSIONS = YES;
				CLANG_ANALYZER_NONNULL = YES;
				CLANG_ANALYZER_NUMBER_OBJECT_CONVERSION = YES_AGGRESSIVE;
				CLANG_CXX_LANGUAGE_STANDARD = "gnu++20";
				CLANG_ENABLE_MODULES = YES;
				CLANG_ENABLE_OBJC_ARC = YES;
				CLANG_ENABLE_OBJC_WEAK = YES;
				CLANG_WARN_BLOCK_CAPTURE_AUTORELEASING = YES;
				CLANG_WARN_BOOL_CONVERSION = YES;
				CLANG_WARN_COMMA = YES;
				CLANG_WARN_CONSTANT_CONVERSION = YES;
				CLANG_WARN_DEPRECATED_OBJC_IMPLEMENTATIONS = YES;
				CLANG_WARN_DIRECT_OBJC_ISA_USAGE = YES_ERROR;
				CLANG_WARN_DOCUMENTATION_COMMENTS = YES;
				CLANG_WARN_EMPTY_BODY = YES;
				CLANG_WARN_ENUM_CONVERSION = YES;
				CLANG_WARN_INFINITE_RECURSION = YES;
				CLANG_WARN_INT_CONVERSION = YES;
				CLANG_WARN_NON_LITERAL_NULL_CONVERSION = YES;
				CLANG_WARN_OBJC_IMPLICIT_RETAIN_SELF = YES;
				CLANG_WARN_OBJC_LITERAL_CONVERSION = YES;
				CLANG_WARN_OBJC_ROOT_CLASS = YES_ERROR;
				CLANG_WARN_QUOTED_INCLUDE_IN_FRAMEWORK_HEADER = YES;
				CLANG_WARN_RANGE_LOOP_ANALYSIS = YES;
				CLANG_WARN_STRICT_PROTOTYPES = YES;
				CLANG_WARN_SUSPICIOUS_MOVE = YES;
				CLANG_WARN_UNGUARDED_AVAILABILITY = YES_AGGRESSIVE;
				CLANG_WARN_UNREACHABLE_CODE = YES;
				CLANG_WARN__DUPLICATE_METHOD_MATCH = YES;
				COPY_PHASE_STRIP = NO;
				DEBUG_INFORMATION_FORMAT = "dwarf-with-dsym";
				DEVELOPMENT_TEAM = F59XSVKP6X;
				ENABLE_NS_ASSERTIONS = NO;
				ENABLE_STRICT_OBJC_MSGSEND = YES;
				ENABLE_USER_SCRIPT_SANDBOXING = YES;
				GCC_C_LANGUAGE_STANDARD = gnu17;
				GCC_NO_COMMON_BLOCKS = YES;
				GCC_WARN_64_TO_32_BIT_CONVERSION = YES;
				GCC_WARN_ABOUT_RETURN_TYPE = YES_ERROR;
				GCC_WARN_UNDECLARED_SELECTOR = YES;
				GCC_WARN_UNINITIALIZED_AUTOS = YES_AGGRESSIVE;
				GCC_WARN_UNUSED_FUNCTION = YES;
				GCC_WARN_UNUSED_VARIABLE = YES;
				IPHONEOS_DEPLOYMENT_TARGET = 26.2;
				LOCALIZATION_PREFERS_STRING_CATALOGS = YES;
				MTL_ENABLE_DEBUG_INFO = NO;
				MTL_FAST_MATH = YES;
				SDKROOT = iphoneos;
				SWIFT_COMPILATION_MODE = wholemodule;
				VALIDATE_PRODUCT = YES;
			};
			name = Release;
		};
		04428BF62FCACDD9006B5B51 /* Debug configuration for PBXNativeTarget "AIHome" */ = {
			isa = XCBuildConfiguration;
			buildSettings = {
				ASSETCATALOG_COMPILER_APPICON_NAME = AppIcon;
				ASSETCATALOG_COMPILER_GLOBAL_ACCENT_COLOR_NAME = AccentColor;
				CODE_SIGN_IDENTITY = "Apple Development";
				CODE_SIGN_STYLE = Automatic;
				CURRENT_PROJECT_VERSION = 1;
				DEVELOPMENT_TEAM = 3K3C8W9QSC;
				ENABLE_PREVIEWS = YES;
				GENERATE_INFOPLIST_FILE = NO;
				INFOPLIST_FILE = AIHome/Info.plist;
				IPHONEOS_DEPLOYMENT_TARGET = 17.0;
				LD_RUNPATH_SEARCH_PATHS = (
					"$(inherited)",
					"@executable_path/Frameworks",
				);
				MARKETING_VERSION = 1.2;
				PRODUCT_BUNDLE_IDENTIFIER = com.homegpt.ai.interior.redesign;
				PRODUCT_NAME = "$(TARGET_NAME)";
				PROVISIONING_PROFILE_SPECIFIER = "";
				STRING_CATALOG_GENERATE_SYMBOLS = YES;
				SUPPORTED_PLATFORMS = "iphoneos iphonesimulator";
				SUPPORTS_MACCATALYST = NO;
				SWIFT_APPROACHABLE_CONCURRENCY = YES;
				SWIFT_DEFAULT_ACTOR_ISOLATION = MainActor;
				SWIFT_EMIT_LOC_STRINGS = YES;
				SWIFT_UPCOMING_FEATURE_MEMBER_IMPORT_VISIBILITY = YES;
				SWIFT_VERSION = 5.0;
				TARGETED_DEVICE_FAMILY = 1;
			};
			name = Debug;
		};
		04428BF72FCACDD9006B5B51 /* Release configuration for PBXNativeTarget "AIHome" */ = {
			isa = XCBuildConfiguration;
			buildSettings = {
				ASSETCATALOG_COMPILER_APPICON_NAME = AppIcon;
				ASSETCATALOG_COMPILER_GLOBAL_ACCENT_COLOR_NAME = AccentColor;
				CODE_SIGN_IDENTITY = "Apple Development";
				CODE_SIGN_STYLE = Automatic;
				CURRENT_PROJECT_VERSION = 1;
				DEVELOPMENT_TEAM = 3K3C8W9QSC;
				ENABLE_PREVIEWS = YES;
				GENERATE_INFOPLIST_FILE = NO;
				INFOPLIST_FILE = AIHome/Info.plist;
				IPHONEOS_DEPLOYMENT_TARGET = 17.0;
				LD_RUNPATH_SEARCH_PATHS = (
					"$(inherited)",
					"@executable_path/Frameworks",
				);
				MARKETING_VERSION = 1.2;
				PRODUCT_BUNDLE_IDENTIFIER = com.homegpt.ai.interior.redesign;
				PRODUCT_NAME = "$(TARGET_NAME)";
				PROVISIONING_PROFILE_SPECIFIER = "";
				STRING_CATALOG_GENERATE_SYMBOLS = YES;
				SUPPORTED_PLATFORMS = "iphoneos iphonesimulator";
				SUPPORTS_MACCATALYST = NO;
				SWIFT_APPROACHABLE_CONCURRENCY = YES;
				SWIFT_DEFAULT_ACTOR_ISOLATION = MainActor;
				SWIFT_EMIT_LOC_STRINGS = YES;
				SWIFT_UPCOMING_FEATURE_MEMBER_IMPORT_VISIBILITY = YES;
				SWIFT_VERSION = 5.0;
				TARGETED_DEVICE_FAMILY = 1;
			};
			name = Release;
		};
/* End XCBuildConfiguration section */

/* Begin XCConfigurationList section */
		04428BE32FCACDD7006B5B51 /* Build configuration list for PBXProject "AIHome" */ = {
			isa = XCConfigurationList;
			buildConfigurations = (
				04428BF32FCACDD9006B5B51 /* Debug configuration for PBXProject "AIHome" */,
				04428BF42FCACDD9006B5B51 /* Release configuration for PBXProject "AIHome" */,
			);
			defaultConfigurationName = Release;
		};
		04428BF52FCACDD9006B5B51 /* Build configuration list for PBXNativeTarget "AIHome" */ = {
			isa = XCConfigurationList;
			buildConfigurations = (
				04428BF62FCACDD9006B5B51 /* Debug configuration for PBXNativeTarget "AIHome" */,
				04428BF72FCACDD9006B5B51 /* Release configuration for PBXNativeTarget "AIHome" */,
			);
			defaultConfigurationName = Release;
		};
/* End XCConfigurationList section */

/* Begin XCRemoteSwiftPackageReference section */
		042C3EC53007DD190078B903 /* XCRemoteSwiftPackageReference "firebase-ios-sdk" */ = {
			isa = XCRemoteSwiftPackageReference;
			repositoryURL = "https://github.com/firebase/firebase-ios-sdk.git";
			requirement = {
				kind = upToNextMajorVersion;
				minimumVersion = 12.16.0;
			};
		};
		04ADA7722FCACE0006B5B51 /* XCRemoteSwiftPackageReference "AdaptySDK-iOS" */ = {
			isa = XCRemoteSwiftPackageReference;
			repositoryURL = "https://github.com/adaptyteam/AdaptySDK-iOS.git";
			requirement = {
				kind = upToNextMajorVersion;
				minimumVersion = 3.15.7;
			};
		};
		1F2E3D4C5B6A798001234569 /* XCRemoteSwiftPackageReference "lottie-ios" */ = {
			isa = XCRemoteSwiftPackageReference;
			repositoryURL = "https://github.com/airbnb/lottie-ios.git";
			requirement = {
				kind = upToNextMajorVersion;
				minimumVersion = 4.5.0;
			};
		};
		2FBCC0022FE7B40000123601 /* XCRemoteSwiftPackageReference "facebook-ios-sdk" */ = {
			isa = XCRemoteSwiftPackageReference;
			repositoryURL = "https://github.com/facebook/facebook-ios-sdk.git";
			requirement = {
				kind = upToNextMajorVersion;
				minimumVersion = 18.1.0;
			};
		};
/* End XCRemoteSwiftPackageReference section */

/* Begin XCSwiftPackageProductDependency section */
		042C3EC63007DD190078B903 /* FirebaseAnalytics */ = {
			isa = XCSwiftPackageProductDependency;
			package = 042C3EC53007DD190078B903 /* XCRemoteSwiftPackageReference "firebase-ios-sdk" */;
			productName = FirebaseAnalytics;
		};
		042C3EC83007DD190078B903 /* FirebaseAnalyticsCore */ = {
			isa = XCSwiftPackageProductDependency;
			package = 042C3EC53007DD190078B903 /* XCRemoteSwiftPackageReference "firebase-ios-sdk" */;
			productName = FirebaseAnalyticsCore;
		};
		042C3ECA3007DD190078B903 /* FirebaseCore */ = {
			isa = XCSwiftPackageProductDependency;
			package = 042C3EC53007DD190078B903 /* XCRemoteSwiftPackageReference "firebase-ios-sdk" */;
			productName = FirebaseCore;
		};
		042C3ECC3007DD190078B903 /* FirebaseCrashlytics */ = {
			isa = XCSwiftPackageProductDependency;
			package = 042C3EC53007DD190078B903 /* XCRemoteSwiftPackageReference "firebase-ios-sdk" */;
			productName = FirebaseCrashlytics;
		};
		042C3ECE3007DD190078B903 /* FirebaseRemoteConfig */ = {
			isa = XCSwiftPackageProductDependency;
			package = 042C3EC53007DD190078B903 /* XCRemoteSwiftPackageReference "firebase-ios-sdk" */;
			productName = FirebaseRemoteConfig;
		};
		04ADA7712FCACE0006B5B51 /* Adapty */ = {
			isa = XCSwiftPackageProductDependency;
			package = 04ADA7722FCACE0006B5B51 /* XCRemoteSwiftPackageReference "AdaptySDK-iOS" */;
			productName = Adapty;
		};
		04ADA7742FCACE0006B5B51 /* AdaptyUI */ = {
			isa = XCSwiftPackageProductDependency;
			package = 04ADA7722FCACE0006B5B51 /* XCRemoteSwiftPackageReference "AdaptySDK-iOS" */;
			productName = AdaptyUI;
		};
		1F2E3D4C5B6A79800123456A /* Lottie */ = {
			isa = XCSwiftPackageProductDependency;
			package = 1F2E3D4C5B6A798001234569 /* XCRemoteSwiftPackageReference "lottie-ios" */;
			productName = Lottie;
		};
		2FBCC0032FE7B40000123601 /* FacebookCore */ = {
			isa = XCSwiftPackageProductDependency;
			package = 2FBCC0022FE7B40000123601 /* XCRemoteSwiftPackageReference "facebook-ios-sdk" */;
			productName = FacebookCore;
		};
/* End XCSwiftPackageProductDependency section */
	};
	rootObject = 04428BE02FCACDD7006B5B51 /* Project object */;
}
